
Microsoft Visual Studio Solution File, Format Version 12.00
# Visual Studio Version 16
VisualStudioVersion = 16.0.31321.278
MinimumVisualStudioVersion = 10.0.40219.1
Project("{9A19103F-16F7-4668-BE54-9A1E7A4F7556}") = "CodeFirstSoln", "CodeFirstSoln\CodeFirstSoln.csproj", "{3D1B82B8-2F5D-4AB0-B5CA-A6A859DA26B7}"
EndProject
Project("{9A19103F-16F7-4668-BE54-9A1E7A4F7556}") = "BEZAO_PayDAL", "BEZAO_PayDAL\BEZAO_PayDAL.csproj", "{3FD85B2B-ABF3-4E02-BCBC-9EB907A3AD5C}"
EndProject
Global
	GlobalSection(SolutionConfigurationPlatforms) = preSolution
		Debug|Any CPU = Debug|Any CPU
		Release|Any CPU = Release|Any CPU
	EndGlobalSection
	GlobalSection(ProjectConfigurationPlatforms) = postSolution
		{3D1B82B8-2F5D-4AB0-B5CA-A6A859DA26B7}.Debug|Any CPU.ActiveCfg = Debug|Any CPU
		{3D1B82B8-2F5D-4AB0-B5CA-A6A859DA26B7}.Debug|Any CPU.Build.0 = Debug|Any CPU
		{3D1B82B8-2F5D-4AB0-B5CA-A6A859DA26B7}.Release|Any CPU.ActiveCfg = Release|Any CPU
		{3D1B82B8-2F5D-4AB0-B5CA-A6A859DA26B7}.Release|Any CPU.Build.0 = Release|Any CPU
		{3FD85B2B-ABF3-4E02-BCBC-9EB907A3AD5C}.Debug|Any CPU.ActiveCfg = Debug|Any CPU
		{3FD85B2B-ABF3-4E02-BCBC-9EB907A3AD5C}.Debug|Any CPU.Build.0 = Debug|Any CPU
		{3FD85B2B-ABF3-4E02-BCBC-9EB907A3AD5C}.Release|Any CPU.ActiveCfg = Release|Any CPU
		{3FD85B2B-ABF3-4E02-BCBC-9EB907A3AD5C}.Release|Any CPU.Build.0 = Release|Any CPU
	EndGlobalSection
	GlobalSection(SolutionProperties) = preSolution
		HideSolutionNode = FALSE
	EndGlobalSection
	GlobalSection(ExtensibilityGlobals) = postSolution
		SolutionGuid = {122EB3D2-4DA6-4424-A921-114D29AA16E1}
	EndGlobalSection
EndGlobal
